
Microsoft Visual Studio Solution File, Format Version 12.00
# Visual Studio Version 16
VisualStudioVersion = 16.0.31829.152
MinimumVisualStudioVersion = 10.0.40219.1
Project("{FAE04EC0-301F-11D3-BF4B-00C04F79EFBC}") = "Lab 7 (wpf)", "Lab 7 (wpf)\Lab 7 (wpf).csproj", "{9552F77A-FB63-4C24-AE83-7B5DBB899E6A}"
EndProject
Global
	GlobalSection(SolutionConfigurationPlatforms) = preSolution
		Debug|Any CPU = Debug|Any CPU
		Release|Any CPU = Release|Any CPU
	EndGlobalSection
	GlobalSection(ProjectConfigurationPlatforms) = postSolution
		{9552F77A-FB63-4C24-AE83-7B5DBB899E6A}.Debug|Any CPU.ActiveCfg = Debug|Any CPU
		{9552F77A-FB63-4C24-AE83-7B5DBB899E6A}.Debug|Any CPU.Build.0 = Debug|Any CPU
		{9552F77A-FB63-4C24-AE83-7B5DBB899E6A}.Release|Any CPU.ActiveCfg = Release|Any CPU
		{9552F77A-FB63-4C24-AE83-7B5DBB899E6A}.Release|Any CPU.Build.0 = Release|Any CPU
	EndGlobalSection
	GlobalSection(SolutionProperties) = preSolution
		HideSolutionNode = FALSE
	EndGlobalSection
	GlobalSection(ExtensibilityGlobals) = postSolution
		SolutionGuid = {5D8AC6E8-58D3-4D68-B7AF-850FFE30C9A6}
	EndGlobalSection
EndGlobal
